// !$*UTF8*$!
{
	archiveVersion = 1;
	classes = {
	};
	objectVersion = 46;
	objects = {

/* Begin PBXBuildFile section */
		2516B7AE1F6662420016A29E /* HouseAdCVCell.swift in Sources */ = {isa = PBXBuildFile; fileRef = 2516B7AC1F6662420016A29E /* HouseAdCVCell.swift */; };
		2516B7AF1F6662420016A29E /* HouseAdCVCell.xib in Resources */ = {isa = PBXBuildFile; fileRef = 2516B7AD1F6662420016A29E /* HouseAdCVCell.xib */; };
		2516B7B21F6668A00016A29E /* TabItemSearchVC.swift in Sources */ = {isa = PBXBuildFile; fileRef = 2516B7B11F6668A00016A29E /* TabItemSearchVC.swift */; };
		2516B7B71F6692C90016A29E /* MyAdsTVCell.swift in Sources */ = {isa = PBXBuildFile; fileRef = 2516B7B51F6692C90016A29E /* MyAdsTVCell.swift */; };
		2516B7B81F6692C90016A29E /* MyAdsTVCell.xib in Resources */ = {isa = PBXBuildFile; fileRef = 2516B7B61F6692C90016A29E /* MyAdsTVCell.xib */; };
		2516B7BE1F66983F0016A29E /* TabItemHomeVC.swift in Sources */ = {isa = PBXBuildFile; fileRef = 2516B7BD1F66983E0016A29E /* TabItemHomeVC.swift */; };
		2516B7C01F6698590016A29E /* TabItemMessageVC.swift in Sources */ = {isa = PBXBuildFile; fileRef = 2516B7BF1F6698590016A29E /* TabItemMessageVC.swift */; };
		2516B7C21F66986B0016A29E /* TabItemProfileVC.swift in Sources */ = {isa = PBXBuildFile; fileRef = 2516B7C11F66986B0016A29E /* TabItemProfileVC.swift */; };
		2516B7C41F66987E0016A29E /* TabItemWishVC.swift in Sources */ = {isa = PBXBuildFile; fileRef = 2516B7C31F66987E0016A29E /* TabItemWishVC.swift */; };
		2516B7CC1F66A2490016A29E /* MsgListTVCell.swift in Sources */ = {isa = PBXBuildFile; fileRef = 2516B7CA1F66A2490016A29E /* MsgListTVCell.swift */; };
		2516B7CD1F66A2490016A29E /* MsgListTVCell.xib in Resources */ = {isa = PBXBuildFile; fileRef = 2516B7CB1F66A2490016A29E /* MsgListTVCell.xib */; };
		2516B7D01F66A2650016A29E /* RecievedMsgTVCell.swift in Sources */ = {isa = PBXBuildFile; fileRef = 2516B7CE1F66A2650016A29E /* RecievedMsgTVCell.swift */; };
		2516B7D11F66A2650016A29E /* RecievedMsgTVCell.xib in Resources */ = {isa = PBXBuildFile; fileRef = 2516B7CF1F66A2650016A29E /* RecievedMsgTVCell.xib */; };
		2516B7D41F66A2770016A29E /* SentMsgTVCell.swift in Sources */ = {isa = PBXBuildFile; fileRef = 2516B7D21F66A2770016A29E /* SentMsgTVCell.swift */; };
		2516B7D51F66A2770016A29E /* SentMsgTVCell.xib in Resources */ = {isa = PBXBuildFile; fileRef = 2516B7D31F66A2770016A29E /* SentMsgTVCell.xib */; };
		25D4B61A1F5FFCC6002507B8 /* B_App.xcdatamodeld in Sources */ = {isa = PBXBuildFile; fileRef = 25D4B6181F5FFCC6002507B8 /* B_App.xcdatamodeld */; };
		25D4B61C1F5FFCC6002507B8 /* Assets.xcassets in Resources */ = {isa = PBXBuildFile; fileRef = 25D4B61B1F5FFCC6002507B8 /* Assets.xcassets */; };
		25D4B61F1F5FFCC6002507B8 /* LaunchScreen.storyboard in Resources */ = {isa = PBXBuildFile; fileRef = 25D4B61D1F5FFCC6002507B8 /* LaunchScreen.storyboard */; };
		25D4B69E1F5FFFB0002507B8 /* FBSDKCoreKit.framework in Frameworks */ = {isa = PBXBuildFile; fileRef = 25D4B63E1F5FFFB0002507B8 /* FBSDKCoreKit.framework */; };
		25D4B69F1F5FFFB0002507B8 /* FBSDKLoginKit.framework in Frameworks */ = {isa = PBXBuildFile; fileRef = 25D4B63F1F5FFFB0002507B8 /* FBSDKLoginKit.framework */; };
		25D4B6A01F5FFFB0002507B8 /* FBSDKShareKit.framework in Frameworks */ = {isa = PBXBuildFile; fileRef = 25D4B6401F5FFFB0002507B8 /* FBSDKShareKit.framework */; };
		25D4B6A11F5FFFB0002507B8 /* GoogleAppUtilities.framework in Frameworks */ = {isa = PBXBuildFile; fileRef = 25D4B6421F5FFFB0002507B8 /* GoogleAppUtilities.framework */; };
		25D4B6A21F5FFFB0002507B8 /* GoogleSignIn.bundle in Resources */ = {isa = PBXBuildFile; fileRef = 25D4B6431F5FFFB0002507B8 /* GoogleSignIn.bundle */; };
		25D4B6A31F5FFFB0002507B8 /* GoogleSignIn.framework in Frameworks */ = {isa = PBXBuildFile; fileRef = 25D4B6441F5FFFB0002507B8 /* GoogleSignIn.framework */; };
		25D4B6A41F5FFFB0002507B8 /* GoogleSignInDependencies.framework in Frameworks */ = {isa = PBXBuildFile; fileRef = 25D4B6451F5FFFB0002507B8 /* GoogleSignInDependencies.framework */; };
		25D4B6A51F5FFFB0002507B8 /* GoogleSymbolUtilities.framework in Frameworks */ = {isa = PBXBuildFile; fileRef = 25D4B6461F5FFFB0002507B8 /* GoogleSymbolUtilities.framework */; };
		25D4B6C81F5FFFB0002507B8 /* NSDate+Utilities.m in Sources */ = {isa = PBXBuildFile; fileRef = 25D4B6871F5FFFB0002507B8 /* NSDate+Utilities.m */; };
		25D4B6C91F5FFFB0002507B8 /* IBDesignables.swift in Sources */ = {isa = PBXBuildFile; fileRef = 25D4B6881F5FFFB0002507B8 /* IBDesignables.swift */; };
		25D4B6CA1F5FFFB0002507B8 /* MSExtensions.swift in Sources */ = {isa = PBXBuildFile; fileRef = 25D4B6891F5FFFB0002507B8 /* MSExtensions.swift */; };
		25D4B6CB1F5FFFB0002507B8 /* Utility.swift in Sources */ = {isa = PBXBuildFile; fileRef = 25D4B68A1F5FFFB0002507B8 /* Utility.swift */; };
		25D4B6CF1F6002C2002507B8 /* AppDelegate.swift in Sources */ = {isa = PBXBuildFile; fileRef = 25D4B6CE1F6002C2002507B8 /* AppDelegate.swift */; };
		25DFC3F61F610F3200E32F5F /* LandingVC.swift in Sources */ = {isa = PBXBuildFile; fileRef = 25DFC3F51F610F3200E32F5F /* LandingVC.swift */; };
		25DFC3F81F610F5100E32F5F /* LoginVC.swift in Sources */ = {isa = PBXBuildFile; fileRef = 25DFC3F71F610F5100E32F5F /* LoginVC.swift */; };
		25DFC3FA1F610F7200E32F5F /* ForgotPasswordVC.swift in Sources */ = {isa = PBXBuildFile; fileRef = 25DFC3F91F610F7200E32F5F /* ForgotPasswordVC.swift */; };
		25DFC3FC1F610F9600E32F5F /* SocialSignupVC.swift in Sources */ = {isa = PBXBuildFile; fileRef = 25DFC3FB1F610F9600E32F5F /* SocialSignupVC.swift */; };
		25DFC3FE1F610FC400E32F5F /* SignupStep1VC.swift in Sources */ = {isa = PBXBuildFile; fileRef = 25DFC3FD1F610FC400E32F5F /* SignupStep1VC.swift */; };
		25DFC4001F610FD500E32F5F /* SignupStep2VC.swift in Sources */ = {isa = PBXBuildFile; fileRef = 25DFC3FF1F610FD500E32F5F /* SignupStep2VC.swift */; };
		25DFC4021F610FE400E32F5F /* SignupStep3VC.swift in Sources */ = {isa = PBXBuildFile; fileRef = 25DFC4011F610FE400E32F5F /* SignupStep3VC.swift */; };
		25DFC4041F610FF000E32F5F /* SignupStep4VC.swift in Sources */ = {isa = PBXBuildFile; fileRef = 25DFC4031F610FF000E32F5F /* SignupStep4VC.swift */; };
		25DFC4061F61100100E32F5F /* SignupStep5VC.swift in Sources */ = {isa = PBXBuildFile; fileRef = 25DFC4051F61100100E32F5F /* SignupStep5VC.swift */; };
		25DFC4081F6114CE00E32F5F /* Constant.swift in Sources */ = {isa = PBXBuildFile; fileRef = 25DFC4071F6114CE00E32F5F /* Constant.swift */; };
		25DFC40A1F61302500E32F5F /* SignupStep6VC.swift in Sources */ = {isa = PBXBuildFile; fileRef = 25DFC4091F61302500E32F5F /* SignupStep6VC.swift */; };
		25DFC40D1F617E6A00E32F5F /* AddHouseVC.swift in Sources */ = {isa = PBXBuildFile; fileRef = 25DFC40C1F617E6A00E32F5F /* AddHouseVC.swift */; };
		25E557FD1F6280840039B0BD /* AddPhotoCVCell.swift in Sources */ = {isa = PBXBuildFile; fileRef = 25E557FB1F6280840039B0BD /* AddPhotoCVCell.swift */; };
		25E557FE1F6280840039B0BD /* AddPhotoCVCell.xib in Resources */ = {isa = PBXBuildFile; fileRef = 25E557FC1F6280840039B0BD /* AddPhotoCVCell.xib */; };
		25E5580B1F62CD680039B0BD /* AccomodationTypeVC.swift in Sources */ = {isa = PBXBuildFile; fileRef = 25E558061F62CD680039B0BD /* AccomodationTypeVC.swift */; };
		25E5580C1F62CD680039B0BD /* HouseLocationMapVC.swift in Sources */ = {isa = PBXBuildFile; fileRef = 25E558071F62CD680039B0BD /* HouseLocationMapVC.swift */; };
		25E5580D1F62CD680039B0BD /* HouseLocationVC.swift in Sources */ = {isa = PBXBuildFile; fileRef = 25E558081F62CD680039B0BD /* HouseLocationVC.swift */; };
		25E5580F1F62CE090039B0BD /* AddPhotoVC.swift in Sources */ = {isa = PBXBuildFile; fileRef = 25E5580E1F62CE090039B0BD /* AddPhotoVC.swift */; };
		25E558111F62CE330039B0BD /* PhotoPreviewVC.swift in Sources */ = {isa = PBXBuildFile; fileRef = 25E558101F62CE330039B0BD /* PhotoPreviewVC.swift */; };
		25E558131F62CE920039B0BD /* AddDescVC.swift in Sources */ = {isa = PBXBuildFile; fileRef = 25E558121F62CE920039B0BD /* AddDescVC.swift */; };
		25E558151F62CEA80039B0BD /* AddProfilePhotoVC.swift in Sources */ = {isa = PBXBuildFile; fileRef = 25E558141F62CEA80039B0BD /* AddProfilePhotoVC.swift */; };
		25E558171F62CEDE0039B0BD /* PhoneNumberVC.swift in Sources */ = {isa = PBXBuildFile; fileRef = 25E558161F62CEDE0039B0BD /* PhoneNumberVC.swift */; };
		25E558191F62CEF60039B0BD /* CodeVC.swift in Sources */ = {isa = PBXBuildFile; fileRef = 25E558181F62CEF60039B0BD /* CodeVC.swift */; };
		25E5581C1F62CFEB0039B0BD /* PreviewVC.swift in Sources */ = {isa = PBXBuildFile; fileRef = 25E5581B1F62CFEB0039B0BD /* PreviewVC.swift */; };
		25E5581E1F62D0070039B0BD /* HouseAreaVC.swift in Sources */ = {isa = PBXBuildFile; fileRef = 25E5581D1F62D0070039B0BD /* HouseAreaVC.swift */; };
		25E558201F62D0260039B0BD /* CostTypeSelectVC.swift in Sources */ = {isa = PBXBuildFile; fileRef = 25E5581F1F62D0260039B0BD /* CostTypeSelectVC.swift */; };
		25E558221F62D03B0039B0BD /* StartPriceVC.swift in Sources */ = {isa = PBXBuildFile; fileRef = 25E558211F62D03B0039B0BD /* StartPriceVC.swift */; };
		25E558241F62D0640039B0BD /* NoticePeriodVC.swift in Sources */ = {isa = PBXBuildFile; fileRef = 25E558231F62D0640039B0BD /* NoticePeriodVC.swift */; };
		25E558261F62D0740039B0BD /* CalenderVC.swift in Sources */ = {isa = PBXBuildFile; fileRef = 25E558251F62D0740039B0BD /* CalenderVC.swift */; };
		25E5582A1F62D10E0039B0BD /* ConfirmAgreementVC.swift in Sources */ = {isa = PBXBuildFile; fileRef = 25E558291F62D10E0039B0BD /* ConfirmAgreementVC.swift */; };
		25E72DC21F67C8BE0010C532 /* AddHouse.storyboard in Resources */ = {isa = PBXBuildFile; fileRef = 25E72DBD1F67C8BE0010C532 /* AddHouse.storyboard */; };
		25E72DC31F67C8BE0010C532 /* Booking.storyboard in Resources */ = {isa = PBXBuildFile; fileRef = 25E72DBE1F67C8BE0010C532 /* Booking.storyboard */; };
		25E72DC41F67C8BE0010C532 /* Main.storyboard in Resources */ = {isa = PBXBuildFile; fileRef = 25E72DBF1F67C8BE0010C532 /* Main.storyboard */; };
		25E72DC51F67C8BE0010C532 /* Profile.storyboard in Resources */ = {isa = PBXBuildFile; fileRef = 25E72DC01F67C8BE0010C532 /* Profile.storyboard */; };
		25E72DC61F67C8BE0010C532 /* TabBar.storyboard in Resources */ = {isa = PBXBuildFile; fileRef = 25E72DC11F67C8BE0010C532 /* TabBar.storyboard */; };
		25E72DE31F67EA0D0010C532 /* FilterVC.swift in Sources */ = {isa = PBXBuildFile; fileRef = 25E72DE21F67EA0D0010C532 /* FilterVC.swift */; };
		25E72DE51F67EA180010C532 /* SortByVC.swift in Sources */ = {isa = PBXBuildFile; fileRef = 25E72DE41F67EA180010C532 /* SortByVC.swift */; };
		25E72DE71F680A140010C532 /* User.swift in Sources */ = {isa = PBXBuildFile; fileRef = 25E72DE61F680A140010C532 /* User.swift */; };
		25E72E261F6815FC0010C532 /* AkiraTextField.swift in Sources */ = {isa = PBXBuildFile; fileRef = 25E72E1C1F6815FC0010C532 /* AkiraTextField.swift */; };
		25E72E271F6815FC0010C532 /* HoshiTextField.swift in Sources */ = {isa = PBXBuildFile; fileRef = 25E72E1D1F6815FC0010C532 /* HoshiTextField.swift */; };
		25E72E281F6815FC0010C532 /* IsaoTextField.swift in Sources */ = {isa = PBXBuildFile; fileRef = 25E72E1E1F6815FC0010C532 /* IsaoTextField.swift */; };
		25E72E291F6815FC0010C532 /* JiroTextField.swift in Sources */ = {isa = PBXBuildFile; fileRef = 25E72E1F1F6815FC0010C532 /* JiroTextField.swift */; };
		25E72E2A1F6815FC0010C532 /* KaedeTextField.swift in Sources */ = {isa = PBXBuildFile; fileRef = 25E72E201F6815FC0010C532 /* KaedeTextField.swift */; };
		25E72E2B1F6815FC0010C532 /* MadokaTextField.swift in Sources */ = {isa = PBXBuildFile; fileRef = 25E72E211F6815FC0010C532 /* MadokaTextField.swift */; };
		25E72E2C1F6815FC0010C532 /* MinoruTextField.swift in Sources */ = {isa = PBXBuildFile; fileRef = 25E72E221F6815FC0010C532 /* MinoruTextField.swift */; };
		25E72E2D1F6815FC0010C532 /* TextFieldEffects.swift in Sources */ = {isa = PBXBuildFile; fileRef = 25E72E231F6815FC0010C532 /* TextFieldEffects.swift */; };
		25E72E2E1F6815FC0010C532 /* YokoTextField.swift in Sources */ = {isa = PBXBuildFile; fileRef = 25E72E241F6815FC0010C532 /* YokoTextField.swift */; };
		25E72E2F1F6815FC0010C532 /* YoshikoTextField.swift in Sources */ = {isa = PBXBuildFile; fileRef = 25E72E251F6815FC0010C532 /* YoshikoTextField.swift */; };
		25E72E311F6816650010C532 /* MainTabBarController.swift in Sources */ = {isa = PBXBuildFile; fileRef = 25E72E301F6816650010C532 /* MainTabBarController.swift */; };
		25F387EE1F6908C200BD19F7 /* House.swift in Sources */ = {isa = PBXBuildFile; fileRef = 25F387ED1F6908C200BD19F7 /* House.swift */; };
		51D9DEECFED8CAA939ACB0A3 /* Pods_B_App.framework in Frameworks */ = {isa = PBXBuildFile; fileRef = D10FCE0DBAE0CF74EAFB9DA4 /* Pods_B_App.framework */; };
/* End PBXBuildFile section */

/* Begin PBXFileReference section */
		1454AEC7E189B5B7586A0E7F /* Pods-B-App.debug.xcconfig */ = {isa = PBXFileReference; includeInIndex = 1; lastKnownFileType = text.xcconfig; name = "Pods-B-App.debug.xcconfig"; path = "Pods/Target Support Files/Pods-B-App/Pods-B-App.debug.xcconfig"; sourceTree = "<group>"; };
		2516B7AC1F6662420016A29E /* HouseAdCVCell.swift */ = {isa = PBXFileReference; fileEncoding = 4; lastKnownFileType = sourcecode.swift; path = HouseAdCVCell.swift; sourceTree = "<group>"; };
		2516B7AD1F6662420016A29E /* HouseAdCVCell.xib */ = {isa = PBXFileReference; fileEncoding = 4; lastKnownFileType = file.xib; path = HouseAdCVCell.xib; sourceTree = "<group>"; };
		2516B7B11F6668A00016A29E /* TabItemSearchVC.swift */ = {isa = PBXFileReference; fileEncoding = 4; lastKnownFileType = sourcecode.swift; path = TabItemSearchVC.swift; sourceTree = "<group>"; };
		2516B7B51F6692C90016A29E /* MyAdsTVCell.swift */ = {isa = PBXFileReference; fileEncoding = 4; lastKnownFileType = sourcecode.swift; path = MyAdsTVCell.swift; sourceTree = "<group>"; };
		2516B7B61F6692C90016A29E /* MyAdsTVCell.xib */ = {isa = PBXFileReference; fileEncoding = 4; lastKnownFileType = file.xib; path = MyAdsTVCell.xib; sourceTree = "<group>"; };
		2516B7BD1F66983E0016A29E /* TabItemHomeVC.swift */ = {isa = PBXFileReference; fileEncoding = 4; lastKnownFileType = sourcecode.swift; path = TabItemHomeVC.swift; sourceTree = "<group>"; };
		2516B7BF1F6698590016A29E /* TabItemMessageVC.swift */ = {isa = PBXFileReference; fileEncoding = 4; lastKnownFileType = sourcecode.swift; path = TabItemMessageVC.swift; sourceTree = "<group>"; };
		2516B7C11F66986B0016A29E /* TabItemProfileVC.swift */ = {isa = PBXFileReference; fileEncoding = 4; lastKnownFileType = sourcecode.swift; path = TabItemProfileVC.swift; sourceTree = "<group>"; };
		2516B7C31F66987E0016A29E /* TabItemWishVC.swift */ = {isa = PBXFileReference; fileEncoding = 4; lastKnownFileType = sourcecode.swift; path = TabItemWishVC.swift; sourceTree = "<group>"; };
		2516B7CA1F66A2490016A29E /* MsgListTVCell.swift */ = {isa = PBXFileReference; fileEncoding = 4; lastKnownFileType = sourcecode.swift; path = MsgListTVCell.swift; sourceTree = "<group>"; };
		2516B7CB1F66A2490016A29E /* MsgListTVCell.xib */ = {isa = PBXFileReference; fileEncoding = 4; lastKnownFileType = file.xib; path = MsgListTVCell.xib; sourceTree = "<group>"; };
		2516B7CE1F66A2650016A29E /* RecievedMsgTVCell.swift */ = {isa = PBXFileReference; fileEncoding = 4; lastKnownFileType = sourcecode.swift; path = RecievedMsgTVCell.swift; sourceTree = "<group>"; };
		2516B7CF1F66A2650016A29E /* RecievedMsgTVCell.xib */ = {isa = PBXFileReference; fileEncoding = 4; lastKnownFileType = file.xib; path = RecievedMsgTVCell.xib; sourceTree = "<group>"; };
		2516B7D21F66A2770016A29E /* SentMsgTVCell.swift */ = {isa = PBXFileReference; fileEncoding = 4; lastKnownFileType = sourcecode.swift; path = SentMsgTVCell.swift; sourceTree = "<group>"; };
		2516B7D31F66A2770016A29E /* SentMsgTVCell.xib */ = {isa = PBXFileReference; fileEncoding = 4; lastKnownFileType = file.xib; path = SentMsgTVCell.xib; sourceTree = "<group>"; };
		25D4B60E1F5FFCC6002507B8 /* B-App.app */ = {isa = PBXFileReference; explicitFileType = wrapper.application; includeInIndex = 0; path = "B-App.app"; sourceTree = BUILT_PRODUCTS_DIR; };
		25D4B6191F5FFCC6002507B8 /* B_App.xcdatamodel */ = {isa = PBXFileReference; lastKnownFileType = wrapper.xcdatamodel; path = B_App.xcdatamodel; sourceTree = "<group>"; };
		25D4B61B1F5FFCC6002507B8 /* Assets.xcassets */ = {isa = PBXFileReference; lastKnownFileType = folder.assetcatalog; path = Assets.xcassets; sourceTree = "<group>"; };
		25D4B61E1F5FFCC6002507B8 /* Base */ = {isa = PBXFileReference; lastKnownFileType = file.storyboard; name = Base; path = Base.lproj/LaunchScreen.storyboard; sourceTree = "<group>"; };
		25D4B6201F5FFCC6002507B8 /* Info.plist */ = {isa = PBXFileReference; lastKnownFileType = text.plist.xml; path = Info.plist; sourceTree = "<group>"; };
		25D4B63E1F5FFFB0002507B8 /* FBSDKCoreKit.framework */ = {isa = PBXFileReference; lastKnownFileType = wrapper.framework; path = FBSDKCoreKit.framework; sourceTree = "<group>"; };
		25D4B63F1F5FFFB0002507B8 /* FBSDKLoginKit.framework */ = {isa = PBXFileReference; lastKnownFileType = wrapper.framework; path = FBSDKLoginKit.framework; sourceTree = "<group>"; };
		25D4B6401F5FFFB0002507B8 /* FBSDKShareKit.framework */ = {isa = PBXFileReference; lastKnownFileType = wrapper.framework; path = FBSDKShareKit.framework; sourceTree = "<group>"; };
		25D4B6421F5FFFB0002507B8 /* GoogleAppUtilities.framework */ = {isa = PBXFileReference; lastKnownFileType = wrapper.framework; path = GoogleAppUtilities.framework; sourceTree = "<group>"; };
		25D4B6431F5FFFB0002507B8 /* GoogleSignIn.bundle */ = {isa = PBXFileReference; lastKnownFileType = "wrapper.plug-in"; path = GoogleSignIn.bundle; sourceTree = "<group>"; };
		25D4B6441F5FFFB0002507B8 /* GoogleSignIn.framework */ = {isa = PBXFileReference; lastKnownFileType = wrapper.framework; path = GoogleSignIn.framework; sourceTree = "<group>"; };
		25D4B6451F5FFFB0002507B8 /* GoogleSignInDependencies.framework */ = {isa = PBXFileReference; lastKnownFileType = wrapper.framework; path = GoogleSignInDependencies.framework; sourceTree = "<group>"; };
		25D4B6461F5FFFB0002507B8 /* GoogleSymbolUtilities.framework */ = {isa = PBXFileReference; lastKnownFileType = wrapper.framework; path = GoogleSymbolUtilities.framework; sourceTree = "<group>"; };
		25D4B6861F5FFFB0002507B8 /* NSDate+Utilities.h */ = {isa = PBXFileReference; fileEncoding = 4; lastKnownFileType = sourcecode.c.h; path = "NSDate+Utilities.h"; sourceTree = "<group>"; };
		25D4B6871F5FFFB0002507B8 /* NSDate+Utilities.m */ = {isa = PBXFileReference; fileEncoding = 4; lastKnownFileType = sourcecode.c.objc; path = "NSDate+Utilities.m"; sourceTree = "<group>"; };
		25D4B6881F5FFFB0002507B8 /* IBDesignables.swift */ = {isa = PBXFileReference; fileEncoding = 4; lastKnownFileType = sourcecode.swift; path = IBDesignables.swift; sourceTree = "<group>"; };
		25D4B6891F5FFFB0002507B8 /* MSExtensions.swift */ = {isa = PBXFileReference; fileEncoding = 4; lastKnownFileType = sourcecode.swift; path = MSExtensions.swift; sourceTree = "<group>"; };
		25D4B68A1F5FFFB0002507B8 /* Utility.swift */ = {isa = PBXFileReference; fileEncoding = 4; lastKnownFileType = sourcecode.swift; path = Utility.swift; sourceTree = "<group>"; };
		25D4B6CE1F6002C2002507B8 /* AppDelegate.swift */ = {isa = PBXFileReference; fileEncoding = 4; lastKnownFileType = sourcecode.swift; path = AppDelegate.swift; sourceTree = "<group>"; };
		25DFC3F51F610F3200E32F5F /* LandingVC.swift */ = {isa = PBXFileReference; fileEncoding = 4; lastKnownFileType = sourcecode.swift; path = LandingVC.swift; sourceTree = "<group>"; };
		25DFC3F71F610F5100E32F5F /* LoginVC.swift */ = {isa = PBXFileReference; fileEncoding = 4; lastKnownFileType = sourcecode.swift; path = LoginVC.swift; sourceTree = "<group>"; };
		25DFC3F91F610F7200E32F5F /* ForgotPasswordVC.swift */ = {isa = PBXFileReference; fileEncoding = 4; lastKnownFileType = sourcecode.swift; path = ForgotPasswordVC.swift; sourceTree = "<group>"; };
		25DFC3FB1F610F9600E32F5F /* SocialSignupVC.swift */ = {isa = PBXFileReference; fileEncoding = 4; lastKnownFileType = sourcecode.swift; path = SocialSignupVC.swift; sourceTree = "<group>"; };
		25DFC3FD1F610FC400E32F5F /* SignupStep1VC.swift */ = {isa = PBXFileReference; fileEncoding = 4; lastKnownFileType = sourcecode.swift; path = SignupStep1VC.swift; sourceTree = "<group>"; };
		25DFC3FF1F610FD500E32F5F /* SignupStep2VC.swift */ = {isa = PBXFileReference; fileEncoding = 4; lastKnownFileType = sourcecode.swift; path = SignupStep2VC.swift; sourceTree = "<group>"; };
		25DFC4011F610FE400E32F5F /* SignupStep3VC.swift */ = {isa = PBXFileReference; fileEncoding = 4; lastKnownFileType = sourcecode.swift; path = SignupStep3VC.swift; sourceTree = "<group>"; };
		25DFC4031F610FF000E32F5F /* SignupStep4VC.swift */ = {isa = PBXFileReference; fileEncoding = 4; lastKnownFileType = sourcecode.swift; path = SignupStep4VC.swift; sourceTree = "<group>"; };
		25DFC4051F61100100E32F5F /* SignupStep5VC.swift */ = {isa = PBXFileReference; fileEncoding = 4; lastKnownFileType = sourcecode.swift; path = SignupStep5VC.swift; sourceTree = "<group>"; };
		25DFC4071F6114CE00E32F5F /* Constant.swift */ = {isa = PBXFileReference; fileEncoding = 4; lastKnownFileType = sourcecode.swift; path = Constant.swift; sourceTree = "<group>"; };
		25DFC4091F61302500E32F5F /* SignupStep6VC.swift */ = {isa = PBXFileReference; fileEncoding = 4; lastKnownFileType = sourcecode.swift; path = SignupStep6VC.swift; sourceTree = "<group>"; };
		25DFC40C1F617E6A00E32F5F /* AddHouseVC.swift */ = {isa = PBXFileReference; fileEncoding = 4; lastKnownFileType = sourcecode.swift; path = AddHouseVC.swift; sourceTree = "<group>"; };
		25E557FB1F6280840039B0BD /* AddPhotoCVCell.swift */ = {isa = PBXFileReference; fileEncoding = 4; lastKnownFileType = sourcecode.swift; path = AddPhotoCVCell.swift; sourceTree = "<group>"; };
		25E557FC1F6280840039B0BD /* AddPhotoCVCell.xib */ = {isa = PBXFileReference; fileEncoding = 4; lastKnownFileType = file.xib; path = AddPhotoCVCell.xib; sourceTree = "<group>"; };
		25E558061F62CD680039B0BD /* AccomodationTypeVC.swift */ = {isa = PBXFileReference; fileEncoding = 4; lastKnownFileType = sourcecode.swift; path = AccomodationTypeVC.swift; sourceTree = "<group>"; };
		25E558071F62CD680039B0BD /* HouseLocationMapVC.swift */ = {isa = PBXFileReference; fileEncoding = 4; lastKnownFileType = sourcecode.swift; path = HouseLocationMapVC.swift; sourceTree = "<group>"; };
		25E558081F62CD680039B0BD /* HouseLocationVC.swift */ = {isa = PBXFileReference; fileEncoding = 4; lastKnownFileType = sourcecode.swift; path = HouseLocationVC.swift; sourceTree = "<group>"; };
		25E5580E1F62CE090039B0BD /* AddPhotoVC.swift */ = {isa = PBXFileReference; fileEncoding = 4; lastKnownFileType = sourcecode.swift; path = AddPhotoVC.swift; sourceTree = "<group>"; };
		25E558101F62CE330039B0BD /* PhotoPreviewVC.swift */ = {isa = PBXFileReference; fileEncoding = 4; lastKnownFileType = sourcecode.swift; path = PhotoPreviewVC.swift; sourceTree = "<group>"; };
		25E558121F62CE920039B0BD /* AddDescVC.swift */ = {isa = PBXFileReference; fileEncoding = 4; lastKnownFileType = sourcecode.swift; path = AddDescVC.swift; sourceTree = "<group>"; };
		25E558141F62CEA80039B0BD /* AddProfilePhotoVC.swift */ = {isa = PBXFileReference; fileEncoding = 4; lastKnownFileType = sourcecode.swift; path = AddProfilePhotoVC.swift; sourceTree = "<group>"; };
		25E558161F62CEDE0039B0BD /* PhoneNumberVC.swift */ = {isa = PBXFileReference; fileEncoding = 4; lastKnownFileType = sourcecode.swift; path = PhoneNumberVC.swift; sourceTree = "<group>"; };
		25E558181F62CEF60039B0BD /* CodeVC.swift */ = {isa = PBXFileReference; fileEncoding = 4; lastKnownFileType = sourcecode.swift; path = CodeVC.swift; sourceTree = "<group>"; };
		25E5581B1F62CFEB0039B0BD /* PreviewVC.swift */ = {isa = PBXFileReference; fileEncoding = 4; lastKnownFileType = sourcecode.swift; path = PreviewVC.swift; sourceTree = "<group>"; };
		25E5581D1F62D0070039B0BD /* HouseAreaVC.swift */ = {isa = PBXFileReference; fileEncoding = 4; lastKnownFileType = sourcecode.swift; path = HouseAreaVC.swift; sourceTree = "<group>"; };
		25E5581F1F62D0260039B0BD /* CostTypeSelectVC.swift */ = {isa = PBXFileReference; fileEncoding = 4; lastKnownFileType = sourcecode.swift; path = CostTypeSelectVC.swift; sourceTree = "<group>"; };
		25E558211F62D03B0039B0BD /* StartPriceVC.swift */ = {isa = PBXFileReference; fileEncoding = 4; lastKnownFileType = sourcecode.swift; path = StartPriceVC.swift; sourceTree = "<group>"; };
		25E558231F62D0640039B0BD /* NoticePeriodVC.swift */ = {isa = PBXFileReference; fileEncoding = 4; lastKnownFileType = sourcecode.swift; path = NoticePeriodVC.swift; sourceTree = "<group>"; };
		25E558251F62D0740039B0BD /* CalenderVC.swift */ = {isa = PBXFileReference; fileEncoding = 4; lastKnownFileType = sourcecode.swift; path = CalenderVC.swift; sourceTree = "<group>"; };
		25E558291F62D10E0039B0BD /* ConfirmAgreementVC.swift */ = {isa = PBXFileReference; fileEncoding = 4; lastKnownFileType = sourcecode.swift; path = ConfirmAgreementVC.swift; sourceTree = "<group>"; };
		25E72DBD1F67C8BE0010C532 /* AddHouse.storyboard */ = {isa = PBXFileReference; fileEncoding = 4; lastKnownFileType = file.storyboard; path = AddHouse.storyboard; sourceTree = "<group>"; };
		25E72DBE1F67C8BE0010C532 /* Booking.storyboard */ = {isa = PBXFileReference; fileEncoding = 4; lastKnownFileType = file.storyboard; path = Booking.storyboard; sourceTree = "<group>"; };
		25E72DBF1F67C8BE0010C532 /* Main.storyboard */ = {isa = PBXFileReference; fileEncoding = 4; lastKnownFileType = file.storyboard; path = Main.storyboard; sourceTree = "<group>"; };
		25E72DC01F67C8BE0010C532 /* Profile.storyboard */ = {isa = PBXFileReference; fileEncoding = 4; lastKnownFileType = file.storyboard; path = Profile.storyboard; sourceTree = "<group>"; };
		25E72DC11F67C8BE0010C532 /* TabBar.storyboard */ = {isa = PBXFileReference; fileEncoding = 4; lastKnownFileType = file.storyboard; path = TabBar.storyboard; sourceTree = "<group>"; };
		25E72DE21F67EA0D0010C532 /* FilterVC.swift */ = {isa = PBXFileReference; fileEncoding = 4; lastKnownFileType = sourcecode.swift; path = FilterVC.swift; sourceTree = "<group>"; };
		25E72DE41F67EA180010C532 /* SortByVC.swift */ = {isa = PBXFileReference; fileEncoding = 4; lastKnownFileType = sourcecode.swift; path = SortByVC.swift; sourceTree = "<group>"; };
		25E72DE61F680A140010C532 /* User.swift */ = {isa = PBXFileReference; fileEncoding = 4; lastKnownFileType = sourcecode.swift; path = User.swift; sourceTree = "<group>"; };
		25E72E1C1F6815FC0010C532 /* AkiraTextField.swift */ = {isa = PBXFileReference; fileEncoding = 4; lastKnownFileType = sourcecode.swift; path = AkiraTextField.swift; sourceTree = "<group>"; };
		25E72E1D1F6815FC0010C532 /* HoshiTextField.swift */ = {isa = PBXFileReference; fileEncoding = 4; lastKnownFileType = sourcecode.swift; path = HoshiTextField.swift; sourceTree = "<group>"; };
		25E72E1E1F6815FC0010C532 /* IsaoTextField.swift */ = {isa = PBXFileReference; fileEncoding = 4; lastKnownFileType = sourcecode.swift; path = IsaoTextField.swift; sourceTree = "<group>"; };
		25E72E1F1F6815FC0010C532 /* JiroTextField.swift */ = {isa = PBXFileReference; fileEncoding = 4; lastKnownFileType = sourcecode.swift; path = JiroTextField.swift; sourceTree = "<group>"; };
		25E72E201F6815FC0010C532 /* KaedeTextField.swift */ = {isa = PBXFileReference; fileEncoding = 4; lastKnownFileType = sourcecode.swift; path = KaedeTextField.swift; sourceTree = "<group>"; };
		25E72E211F6815FC0010C532 /* MadokaTextField.swift */ = {isa = PBXFileReference; fileEncoding = 4; lastKnownFileType = sourcecode.swift; path = MadokaTextField.swift; sourceTree = "<group>"; };
		25E72E221F6815FC0010C532 /* MinoruTextField.swift */ = {isa = PBXFileReference; fileEncoding = 4; lastKnownFileType = sourcecode.swift; path = MinoruTextField.swift; sourceTree = "<group>"; };
		25E72E231F6815FC0010C532 /* TextFieldEffects.swift */ = {isa = PBXFileReference; fileEncoding = 4; lastKnownFileType = sourcecode.swift; path = TextFieldEffects.swift; sourceTree = "<group>"; };
		25E72E241F6815FC0010C532 /* YokoTextField.swift */ = {isa = PBXFileReference; fileEncoding = 4; lastKnownFileType = sourcecode.swift; path = YokoTextField.swift; sourceTree = "<group>"; };
		25E72E251F6815FC0010C532 /* YoshikoTextField.swift */ = {isa = PBXFileReference; fileEncoding = 4; lastKnownFileType = sourcecode.swift; path = YoshikoTextField.swift; sourceTree = "<group>"; };
		25E72E301F6816650010C532 /* MainTabBarController.swift */ = {isa = PBXFileReference; fileEncoding = 4; lastKnownFileType = sourcecode.swift; name = MainTabBarController.swift; path = ../../../../../Documents/MainTabBarController.swift; sourceTree = "<group>"; };
		25F387ED1F6908C200BD19F7 /* House.swift */ = {isa = PBXFileReference; fileEncoding = 4; lastKnownFileType = sourcecode.swift; path = House.swift; sourceTree = "<group>"; };
		ABF62B58A4FD5657B6400DEC /* Pods-B-App.release.xcconfig */ = {isa = PBXFileReference; includeInIndex = 1; lastKnownFileType = text.xcconfig; name = "Pods-B-App.release.xcconfig"; path = "Pods/Target Support Files/Pods-B-App/Pods-B-App.release.xcconfig"; sourceTree = "<group>"; };
		D10FCE0DBAE0CF74EAFB9DA4 /* Pods_B_App.framework */ = {isa = PBXFileReference; explicitFileType = wrapper.framework; includeInIndex = 0; path = Pods_B_App.framework; sourceTree = BUILT_PRODUCTS_DIR; };
/* End PBXFileReference section */

/* Begin PBXFrameworksBuildPhase section */
		25D4B60B1F5FFCC6002507B8 /* Frameworks */ = {
			isa = PBXFrameworksBuildPhase;
			buildActionMask = 2147483647;
			files = (
				25D4B6A41F5FFFB0002507B8 /* GoogleSignInDependencies.framework in Frameworks */,
				25D4B69F1F5FFFB0002507B8 /* FBSDKLoginKit.framework in Frameworks */,
				25D4B69E1F5FFFB0002507B8 /* FBSDKCoreKit.framework in Frameworks */,
				25D4B6A51F5FFFB0002507B8 /* GoogleSymbolUtilities.framework in Frameworks */,
				25D4B6A11F5FFFB0002507B8 /* GoogleAppUtilities.framework in Frameworks */,
				25D4B6A01F5FFFB0002507B8 /* FBSDKShareKit.framework in Frameworks */,
				25D4B6A31F5FFFB0002507B8 /* GoogleSignIn.framework in Frameworks */,
				51D9DEECFED8CAA939ACB0A3 /* Pods_B_App.framework in Frameworks */,
			);
			runOnlyForDeploymentPostprocessing = 0;
		};
/* End PBXFrameworksBuildPhase section */

/* Begin PBXGroup section */
		2516B7AB1F6662230016A29E /* HouseAdCell */ = {
			isa = PBXGroup;
			children = (
				2516B7AC1F6662420016A29E /* HouseAdCVCell.swift */,
				2516B7AD1F6662420016A29E /* HouseAdCVCell.xib */,
			);
			path = HouseAdCell;
			sourceTree = "<group>";
		};
		2516B7B01F66684D0016A29E /* Search */ = {
			isa = PBXGroup;
			children = (
				2516B7B11F6668A00016A29E /* TabItemSearchVC.swift */,
				25E72DE21F67EA0D0010C532 /* FilterVC.swift */,
				25E72DE41F67EA180010C532 /* SortByVC.swift */,
			);
			path = Search;
			sourceTree = "<group>";
		};
		2516B7B31F6692960016A29E /* TableviewCell */ = {
			isa = PBXGroup;
			children = (
				2516B7C61F66A1E20016A29E /* Message */,
				2516B7B41F6692960016A29E /* MyAdsTVCell */,
			);
			path = TableviewCell;
			sourceTree = "<group>";
		};
		2516B7B41F6692960016A29E /* MyAdsTVCell */ = {
			isa = PBXGroup;
			children = (
				2516B7B51F6692C90016A29E /* MyAdsTVCell.swift */,
				2516B7B61F6692C90016A29E /* MyAdsTVCell.xib */,
			);
			path = MyAdsTVCell;
			sourceTree = "<group>";
		};
		2516B7B91F66980E0016A29E /* Home */ = {
			isa = PBXGroup;
			children = (
				2516B7BD1F66983E0016A29E /* TabItemHomeVC.swift */,
			);
			path = Home;
			sourceTree = "<group>";
		};
		2516B7BA1F66980E0016A29E /* Message */ = {
			isa = PBXGroup;
			children = (
				2516B7BF1F6698590016A29E /* TabItemMessageVC.swift */,
			);
			path = Message;
			sourceTree = "<group>";
		};
		2516B7BB1F66980E0016A29E /* Profile */ = {
			isa = PBXGroup;
			children = (
				2516B7C11F66986B0016A29E /* TabItemProfileVC.swift */,
			);
			path = Profile;
			sourceTree = "<group>";
		};
		2516B7BC1F66980E0016A29E /* Wish */ = {
			isa = PBXGroup;
			children = (
				2516B7C31F66987E0016A29E /* TabItemWishVC.swift */,
			);
			path = Wish;
			sourceTree = "<group>";
		};
		2516B7C51F669B020016A29E /* SwiftLoader */ = {
			isa = PBXGroup;
			children = (
			);
			path = SwiftLoader;
			sourceTree = "<group>";
		};
		2516B7C61F66A1E20016A29E /* Message */ = {
			isa = PBXGroup;
			children = (
				2516B7C71F66A2240016A29E /* MsgListTVCell */,
				2516B7C81F66A2240016A29E /* RecievedMsgTVCell */,
				2516B7C91F66A2240016A29E /* SentMsgTVCell */,
			);
			path = Message;
			sourceTree = "<group>";
		};
		2516B7C71F66A2240016A29E /* MsgListTVCell */ = {
			isa = PBXGroup;
			children = (
				2516B7CA1F66A2490016A29E /* MsgListTVCell.swift */,
				2516B7CB1F66A2490016A29E /* MsgListTVCell.xib */,
			);
			path = MsgListTVCell;
			sourceTree = "<group>";
		};
		2516B7C81F66A2240016A29E /* RecievedMsgTVCell */ = {
			isa = PBXGroup;
			children = (
				2516B7CE1F66A2650016A29E /* RecievedMsgTVCell.swift */,
				2516B7CF1F66A2650016A29E /* RecievedMsgTVCell.xib */,
			);
			path = RecievedMsgTVCell;
			sourceTree = "<group>";
		};
		2516B7C91F66A2240016A29E /* SentMsgTVCell */ = {
			isa = PBXGroup;
			children = (
				2516B7D21F66A2770016A29E /* SentMsgTVCell.swift */,
				2516B7D31F66A2770016A29E /* SentMsgTVCell.xib */,
			);
			path = SentMsgTVCell;
			sourceTree = "<group>";
		};
		25D4B6051F5FFCC6002507B8 = {
			isa = PBXGroup;
			children = (
				25D4B6101F5FFCC6002507B8 /* B-App */,
				25D4B60F1F5FFCC6002507B8 /* Products */,
				7DEFB960957A5BCEB48B7621 /* Pods */,
				72793E8EF6C6D47279770AD7 /* Frameworks */,
			);
			sourceTree = "<group>";
		};
		25D4B60F1F5FFCC6002507B8 /* Products */ = {
			isa = PBXGroup;
			children = (
				25D4B60E1F5FFCC6002507B8 /* B-App.app */,
			);
			name = Products;
			sourceTree = "<group>";
		};
		25D4B6101F5FFCC6002507B8 /* B-App */ = {
			isa = PBXGroup;
			children = (
				25D4B6261F5FFFB0002507B8 /* AppDelegate */,
				25D4B6271F5FFFB0002507B8 /* Constant */,
				25D4B6281F5FFFB0002507B8 /* Handler */,
				25D4B6291F5FFFB0002507B8 /* Libraries */,
				25D4B6811F5FFFB0002507B8 /* Model */,
				25D4B6841F5FFFB0002507B8 /* Utility */,
				25D4B68B1F5FFFB0002507B8 /* View */,
				25D4B68C1F5FFFB0002507B8 /* ViewController */,
				25E72DBC1F67C8BE0010C532 /* Storyboards */,
				25D4B61B1F5FFCC6002507B8 /* Assets.xcassets */,
				25D4B61D1F5FFCC6002507B8 /* LaunchScreen.storyboard */,
				25D4B6201F5FFCC6002507B8 /* Info.plist */,
				25D4B6181F5FFCC6002507B8 /* B_App.xcdatamodeld */,
			);
			path = "B-App";
			sourceTree = "<group>";
		};
		25D4B6261F5FFFB0002507B8 /* AppDelegate */ = {
			isa = PBXGroup;
			children = (
				25D4B6CE1F6002C2002507B8 /* AppDelegate.swift */,
			);
			path = AppDelegate;
			sourceTree = "<group>";
		};
		25D4B6271F5FFFB0002507B8 /* Constant */ = {
			isa = PBXGroup;
			children = (
				25DFC4071F6114CE00E32F5F /* Constant.swift */,
			);
			path = Constant;
			sourceTree = "<group>";
		};
		25D4B6281F5FFFB0002507B8 /* Handler */ = {
			isa = PBXGroup;
			children = (
			);
			path = Handler;
			sourceTree = "<group>";
		};
		25D4B6291F5FFFB0002507B8 /* Libraries */ = {
			isa = PBXGroup;
			children = (
				25E72E1B1F6815FC0010C532 /* TextFieldEffects */,
				2516B7C51F669B020016A29E /* SwiftLoader */,
				25D4B63D1F5FFFB0002507B8 /* Facebook */,
				25D4B6411F5FFFB0002507B8 /* Google */,
			);
			path = Libraries;
			sourceTree = "<group>";
		};
		25D4B63D1F5FFFB0002507B8 /* Facebook */ = {
			isa = PBXGroup;
			children = (
				25D4B63E1F5FFFB0002507B8 /* FBSDKCoreKit.framework */,
				25D4B63F1F5FFFB0002507B8 /* FBSDKLoginKit.framework */,
				25D4B6401F5FFFB0002507B8 /* FBSDKShareKit.framework */,
			);
			path = Facebook;
			sourceTree = "<group>";
		};
		25D4B6411F5FFFB0002507B8 /* Google */ = {
			isa = PBXGroup;
			children = (
				25D4B6421F5FFFB0002507B8 /* GoogleAppUtilities.framework */,
				25D4B6431F5FFFB0002507B8 /* GoogleSignIn.bundle */,
				25D4B6441F5FFFB0002507B8 /* GoogleSignIn.framework */,
				25D4B6451F5FFFB0002507B8 /* GoogleSignInDependencies.framework */,
				25D4B6461F5FFFB0002507B8 /* GoogleSymbolUtilities.framework */,
			);
			path = Google;
			sourceTree = "<group>";
		};
		25D4B6811F5FFFB0002507B8 /* Model */ = {
			isa = PBXGroup;
			children = (
				25F387EC1F6908AB00BD19F7 /* House */,
				25D4B6821F5FFFB0002507B8 /* User */,
			);
			path = Model;
			sourceTree = "<group>";
		};
		25D4B6821F5FFFB0002507B8 /* User */ = {
			isa = PBXGroup;
			children = (
				25E72DE61F680A140010C532 /* User.swift */,
			);
			path = User;
			sourceTree = "<group>";
		};
		25D4B6841F5FFFB0002507B8 /* Utility */ = {
			isa = PBXGroup;
			children = (
				25D4B6851F5FFFB0002507B8 /* DateExtensions */,
				25D4B6881F5FFFB0002507B8 /* IBDesignables.swift */,
				25D4B6891F5FFFB0002507B8 /* MSExtensions.swift */,
				25D4B68A1F5FFFB0002507B8 /* Utility.swift */,
			);
			path = Utility;
			sourceTree = "<group>";
		};
		25D4B6851F5FFFB0002507B8 /* DateExtensions */ = {
			isa = PBXGroup;
			children = (
				25D4B6861F5FFFB0002507B8 /* NSDate+Utilities.h */,
				25D4B6871F5FFFB0002507B8 /* NSDate+Utilities.m */,
			);
			path = DateExtensions;
			sourceTree = "<group>";
		};
		25D4B68B1F5FFFB0002507B8 /* View */ = {
			isa = PBXGroup;
			children = (
				2516B7B31F6692960016A29E /* TableviewCell */,
				25E557F91F62804A0039B0BD /* CollectionCell */,
			);
			path = View;
			sourceTree = "<group>";
		};
		25D4B68C1F5FFFB0002507B8 /* ViewController */ = {
			isa = PBXGroup;
			children = (
				25E72DE81F6811720010C532 /* TabBarController */,
				2516B7B91F66980E0016A29E /* Home */,
				2516B7BA1F66980E0016A29E /* Message */,
				2516B7BB1F66980E0016A29E /* Profile */,
				2516B7BC1F66980E0016A29E /* Wish */,
				2516B7B01F66684D0016A29E /* Search */,
				25DFC40B1F617E5A00E32F5F /* AddHouse */,
				25DFC3F01F61083200E32F5F /* Landing */,
				25DFC3F11F61083200E32F5F /* Login */,
				25DFC3F21F61083200E32F5F /* Signup */,
			);
			path = ViewController;
			sourceTree = "<group>";
		};
		25DFC3F01F61083200E32F5F /* Landing */ = {
			isa = PBXGroup;
			children = (
				25DFC3F51F610F3200E32F5F /* LandingVC.swift */,
			);
			path = Landing;
			sourceTree = "<group>";
		};
		25DFC3F11F61083200E32F5F /* Login */ = {
			isa = PBXGroup;
			children = (
				25DFC3F71F610F5100E32F5F /* LoginVC.swift */,
				25DFC3F91F610F7200E32F5F /* ForgotPasswordVC.swift */,
			);
			path = Login;
			sourceTree = "<group>";
		};
		25DFC3F21F61083200E32F5F /* Signup */ = {
			isa = PBXGroup;
			children = (
				25DFC3F31F61083200E32F5F /* EmailSignup */,
				25DFC3F41F61083200E32F5F /* SocialSignup */,
			);
			path = Signup;
			sourceTree = "<group>";
		};
		25DFC3F31F61083200E32F5F /* EmailSignup */ = {
			isa = PBXGroup;
			children = (
				25DFC3FD1F610FC400E32F5F /* SignupStep1VC.swift */,
				25DFC3FF1F610FD500E32F5F /* SignupStep2VC.swift */,
				25DFC4011F610FE400E32F5F /* SignupStep3VC.swift */,
				25DFC4031F610FF000E32F5F /* SignupStep4VC.swift */,
				25DFC4051F61100100E32F5F /* SignupStep5VC.swift */,
				25DFC4091F61302500E32F5F /* SignupStep6VC.swift */,
			);
			path = EmailSignup;
			sourceTree = "<group>";
		};
		25DFC3F41F61083200E32F5F /* SocialSignup */ = {
			isa = PBXGroup;
			children = (
				25DFC3FB1F610F9600E32F5F /* SocialSignupVC.swift */,
			);
			path = SocialSignup;
			sourceTree = "<group>";
		};
		25DFC40B1F617E5A00E32F5F /* AddHouse */ = {
			isa = PBXGroup;
			children = (
				25DFC40C1F617E6A00E32F5F /* AddHouseVC.swift */,
				25E558051F62CD680039B0BD /* BasicInfoSection */,
				25E5580A1F62CD680039B0BD /* PhotoAndDescSection */,
				25E558091F62CD680039B0BD /* CostSection */,
				25E5581A1F62CFBB0039B0BD /* Preview */,
				25E558291F62D10E0039B0BD /* ConfirmAgreementVC.swift */,
			);
			path = AddHouse;
			sourceTree = "<group>";
		};
		25E557F91F62804A0039B0BD /* CollectionCell */ = {
			isa = PBXGroup;
			children = (
				2516B7AB1F6662230016A29E /* HouseAdCell */,
				25E557FA1F62804A0039B0BD /* AddPhotoCell */,
			);
			path = CollectionCell;
			sourceTree = "<group>";
		};
		25E557FA1F62804A0039B0BD /* AddPhotoCell */ = {
			isa = PBXGroup;
			children = (
				25E557FB1F6280840039B0BD /* AddPhotoCVCell.swift */,
				25E557FC1F6280840039B0BD /* AddPhotoCVCell.xib */,
			);
			path = AddPhotoCell;
			sourceTree = "<group>";
		};
		25E558051F62CD680039B0BD /* BasicInfoSection */ = {
			isa = PBXGroup;
			children = (
				25E558061F62CD680039B0BD /* AccomodationTypeVC.swift */,
				25E558071F62CD680039B0BD /* HouseLocationMapVC.swift */,
				25E558081F62CD680039B0BD /* HouseLocationVC.swift */,
			);
			path = BasicInfoSection;
			sourceTree = "<group>";
		};
		25E558091F62CD680039B0BD /* CostSection */ = {
			isa = PBXGroup;
			children = (
				25E5581D1F62D0070039B0BD /* HouseAreaVC.swift */,
				25E5581F1F62D0260039B0BD /* CostTypeSelectVC.swift */,
				25E558211F62D03B0039B0BD /* StartPriceVC.swift */,
				25E558231F62D0640039B0BD /* NoticePeriodVC.swift */,
				25E558251F62D0740039B0BD /* CalenderVC.swift */,
			);
			path = CostSection;
			sourceTree = "<group>";
		};
		25E5580A1F62CD680039B0BD /* PhotoAndDescSection */ = {
			isa = PBXGroup;
			children = (
				25E5580E1F62CE090039B0BD /* AddPhotoVC.swift */,
				25E558101F62CE330039B0BD /* PhotoPreviewVC.swift */,
				25E558121F62CE920039B0BD /* AddDescVC.swift */,
				25E558141F62CEA80039B0BD /* AddProfilePhotoVC.swift */,
				25E558161F62CEDE0039B0BD /* PhoneNumberVC.swift */,
				25E558181F62CEF60039B0BD /* CodeVC.swift */,
			);
			path = PhotoAndDescSection;
			sourceTree = "<group>";
		};
		25E5581A1F62CFBB0039B0BD /* Preview */ = {
			isa = PBXGroup;
			children = (
				25E5581B1F62CFEB0039B0BD /* PreviewVC.swift */,
			);
			path = Preview;
			sourceTree = "<group>";
		};
		25E72DBC1F67C8BE0010C532 /* Storyboards */ = {
			isa = PBXGroup;
			children = (
				25E72DBD1F67C8BE0010C532 /* AddHouse.storyboard */,
				25E72DBE1F67C8BE0010C532 /* Booking.storyboard */,
				25E72DBF1F67C8BE0010C532 /* Main.storyboard */,
				25E72DC01F67C8BE0010C532 /* Profile.storyboard */,
				25E72DC11F67C8BE0010C532 /* TabBar.storyboard */,
			);
			path = Storyboards;
			sourceTree = "<group>";
		};
		25E72DE81F6811720010C532 /* TabBarController */ = {
			isa = PBXGroup;
			children = (
				25E72E301F6816650010C532 /* MainTabBarController.swift */,
			);
			path = TabBarController;
			sourceTree = "<group>";
		};
		25E72E1B1F6815FC0010C532 /* TextFieldEffects */ = {
			isa = PBXGroup;
			children = (
				25E72E1C1F6815FC0010C532 /* AkiraTextField.swift */,
				25E72E1D1F6815FC0010C532 /* HoshiTextField.swift */,
				25E72E1E1F6815FC0010C532 /* IsaoTextField.swift */,
				25E72E1F1F6815FC0010C532 /* JiroTextField.swift */,
				25E72E201F6815FC0010C532 /* KaedeTextField.swift */,
				25E72E211F6815FC0010C532 /* MadokaTextField.swift */,
				25E72E221F6815FC0010C532 /* MinoruTextField.swift */,
				25E72E231F6815FC0010C532 /* TextFieldEffects.swift */,
				25E72E241F6815FC0010C532 /* YokoTextField.swift */,
				25E72E251F6815FC0010C532 /* YoshikoTextField.swift */,
			);
			path = TextFieldEffects;
			sourceTree = "<group>";
		};
		25F387EC1F6908AB00BD19F7 /* House */ = {
			isa = PBXGroup;
			children = (
				25F387ED1F6908C200BD19F7 /* House.swift */,
			);
			path = House;
			sourceTree = "<group>";
		};
		72793E8EF6C6D47279770AD7 /* Frameworks */ = {
			isa = PBXGroup;
			children = (
				D10FCE0DBAE0CF74EAFB9DA4 /* Pods_B_App.framework */,
			);
			name = Frameworks;
			sourceTree = "<group>";
		};
		7DEFB960957A5BCEB48B7621 /* Pods */ = {
			isa = PBXGroup;
			children = (
				1454AEC7E189B5B7586A0E7F /* Pods-B-App.debug.xcconfig */,
				ABF62B58A4FD5657B6400DEC /* Pods-B-App.release.xcconfig */,
			);
			name = Pods;
			sourceTree = "<group>";
		};
/* End PBXGroup section */

/* Begin PBXNativeTarget section */
		25D4B60D1F5FFCC6002507B8 /* B-App */ = {
			isa = PBXNativeTarget;
			buildConfigurationList = 25D4B6231F5FFCC6002507B8 /* Build configuration list for PBXNativeTarget "B-App" */;
			buildPhases = (
				985BADD91189ECF474D64E4A /* [CP] Check Pods Manifest.lock */,
				25D4B60A1F5FFCC6002507B8 /* Sources */,
				25D4B60B1F5FFCC6002507B8 /* Frameworks */,
				25D4B60C1F5FFCC6002507B8 /* Resources */,
				65CF649EAC4FB8B870AE44B9 /* [CP] Embed Pods Frameworks */,
				03A806AAD697D885DD006B6D /* [CP] Copy Pods Resources */,
			);
			buildRules = (
			);
			dependencies = (
			);
			name = "B-App";
			productName = "B-App";
			productReference = 25D4B60E1F5FFCC6002507B8 /* B-App.app */;
			productType = "com.apple.product-type.application";
		};
/* End PBXNativeTarget section */

/* Begin PBXProject section */
		25D4B6061F5FFCC6002507B8 /* Project object */ = {
			isa = PBXProject;
			attributes = {
				LastSwiftUpdateCheck = 0800;
				LastUpgradeCheck = 0800;
				ORGANIZATIONNAME = "Ankit Chhabra";
				TargetAttributes = {
					25D4B60D1F5FFCC6002507B8 = {
						CreatedOnToolsVersion = 8.0;
						ProvisioningStyle = Automatic;
					};
				};
			};
			buildConfigurationList = 25D4B6091F5FFCC6002507B8 /* Build configuration list for PBXProject "B-App" */;
			compatibilityVersion = "Xcode 3.2";
			developmentRegion = English;
			hasScannedForEncodings = 0;
			knownRegions = (
				en,
				Base,
			);
			mainGroup = 25D4B6051F5FFCC6002507B8;
			productRefGroup = 25D4B60F1F5FFCC6002507B8 /* Products */;
			projectDirPath = "";
			projectRoot = "";
			targets = (
				25D4B60D1F5FFCC6002507B8 /* B-App */,
			);
		};
/* End PBXProject section */

/* Begin PBXResourcesBuildPhase section */
		25D4B60C1F5FFCC6002507B8 /* Resources */ = {
			isa = PBXResourcesBuildPhase;
			buildActionMask = 2147483647;
			files = (
				2516B7D11F66A2650016A29E /* RecievedMsgTVCell.xib in Resources */,
				2516B7AF1F6662420016A29E /* HouseAdCVCell.xib in Resources */,
				25D4B6A21F5FFFB0002507B8 /* GoogleSignIn.bundle in Resources */,
				25E72DC41F67C8BE0010C532 /* Main.storyboard in Resources */,
				25D4B61F1F5FFCC6002507B8 /* LaunchScreen.storyboard in Resources */,
				25E72DC51F67C8BE0010C532 /* Profile.storyboard in Resources */,
				2516B7B81F6692C90016A29E /* MyAdsTVCell.xib in Resources */,
				25D4B61C1F5FFCC6002507B8 /* Assets.xcassets in Resources */,
				25E557FE1F6280840039B0BD /* AddPhotoCVCell.xib in Resources */,
				25E72DC21F67C8BE0010C532 /* AddHouse.storyboard in Resources */,
				2516B7CD1F66A2490016A29E /* MsgListTVCell.xib in Resources */,
				2516B7D51F66A2770016A29E /* SentMsgTVCell.xib in Resources */,
				25E72DC61F67C8BE0010C532 /* TabBar.storyboard in Resources */,
				25E72DC31F67C8BE0010C532 /* Booking.storyboard in Resources */,
			);
			runOnlyForDeploymentPostprocessing = 0;
		};
/* End PBXResourcesBuildPhase section */

/* Begin PBXShellScriptBuildPhase section */
		03A806AAD697D885DD006B6D /* [CP] Copy Pods Resources */ = {
			isa = PBXShellScriptBuildPhase;
			buildActionMask = 2147483647;
			files = (
			);
			inputPaths = (
			);
			name = "[CP] Copy Pods Resources";
			outputPaths = (
			);
			runOnlyForDeploymentPostprocessing = 0;
			shellPath = /bin/sh;
			shellScript = "\"${SRCROOT}/Pods/Target Support Files/Pods-B-App/Pods-B-App-resources.sh\"\n";
			showEnvVarsInLog = 0;
		};
		65CF649EAC4FB8B870AE44B9 /* [CP] Embed Pods Frameworks */ = {
			isa = PBXShellScriptBuildPhase;
			buildActionMask = 2147483647;
			files = (
			);
			inputPaths = (
				"${SRCROOT}/Pods/Target Support Files/Pods-B-App/Pods-B-App-frameworks.sh",
				"${BUILT_PRODUCTS_DIR}/Alamofire/Alamofire.framework",
				"${BUILT_PRODUCTS_DIR}/CountryPickerSwift/CountryPicker.framework",
				"${BUILT_PRODUCTS_DIR}/IQKeyboardManagerSwift/IQKeyboardManagerSwift.framework",
				"${BUILT_PRODUCTS_DIR}/Kingfisher/Kingfisher.framework",
				"${BUILT_PRODUCTS_DIR}/SwiftRangeSlider/SwiftRangeSlider.framework",
			);
			name = "[CP] Embed Pods Frameworks";
			outputPaths = (
				"${TARGET_BUILD_DIR}/${FRAMEWORKS_FOLDER_PATH}/Alamofire.framework",
				"${TARGET_BUILD_DIR}/${FRAMEWORKS_FOLDER_PATH}/CountryPicker.framework",
				"${TARGET_BUILD_DIR}/${FRAMEWORKS_FOLDER_PATH}/IQKeyboardManagerSwift.framework",
				"${TARGET_BUILD_DIR}/${FRAMEWORKS_FOLDER_PATH}/Kingfisher.framework",
				"${TARGET_BUILD_DIR}/${FRAMEWORKS_FOLDER_PATH}/SwiftRangeSlider.framework",
			);
			runOnlyForDeploymentPostprocessing = 0;
			shellPath = /bin/sh;
			shellScript = "\"${SRCROOT}/Pods/Target Support Files/Pods-B-App/Pods-B-App-frameworks.sh\"\n";
			showEnvVarsInLog = 0;
		};
		985BADD91189ECF474D64E4A /* [CP] Check Pods Manifest.lock */ = {
			isa = PBXShellScriptBuildPhase;
			buildActionMask = 2147483647;
			files = (
			);
			inputPaths = (
				"${PODS_PODFILE_DIR_PATH}/Podfile.lock",
				"${PODS_ROOT}/Manifest.lock",
			);
			name = "[CP] Check Pods Manifest.lock";
			outputPaths = (
				"$(DERIVED_FILE_DIR)/Pods-B-App-checkManifestLockResult.txt",
			);
			runOnlyForDeploymentPostprocessing = 0;
			shellPath = /bin/sh;
			shellScript = "diff \"${PODS_PODFILE_DIR_PATH}/Podfile.lock\" \"${PODS_ROOT}/Manifest.lock\" > /dev/null\nif [ $? != 0 ] ; then\n    # print error to STDERR\n    echo \"error: The sandbox is not in sync with the Podfile.lock. Run 'pod install' or update your CocoaPods installation.\" >&2\n    exit 1\nfi\n# This output is used by Xcode 'outputs' to avoid re-running this script phase.\necho \"SUCCESS\" > \"${SCRIPT_OUTPUT_FILE_0}\"\n";
			showEnvVarsInLog = 0;
		};
/* End PBXShellScriptBuildPhase section */

/* Begin PBXSourcesBuildPhase section */
		25D4B60A1F5FFCC6002507B8 /* Sources */ = {
			isa = PBXSourcesBuildPhase;
			buildActionMask = 2147483647;
			files = (
				25E558241F62D0640039B0BD /* NoticePeriodVC.swift in Sources */,
				25D4B61A1F5FFCC6002507B8 /* B_App.xcdatamodeld in Sources */,
				25E72DE31F67EA0D0010C532 /* FilterVC.swift in Sources */,
				25E72DE51F67EA180010C532 /* SortByVC.swift in Sources */,
				25DFC40A1F61302500E32F5F /* SignupStep6VC.swift in Sources */,
				2516B7C21F66986B0016A29E /* TabItemProfileVC.swift in Sources */,
				25E5581C1F62CFEB0039B0BD /* PreviewVC.swift in Sources */,
				25E558151F62CEA80039B0BD /* AddProfilePhotoVC.swift in Sources */,
				25E558261F62D0740039B0BD /* CalenderVC.swift in Sources */,
				25E72E291F6815FC0010C532 /* JiroTextField.swift in Sources */,
				25DFC3FA1F610F7200E32F5F /* ForgotPasswordVC.swift in Sources */,
				2516B7C41F66987E0016A29E /* TabItemWishVC.swift in Sources */,
				25DFC3F61F610F3200E32F5F /* LandingVC.swift in Sources */,
				25E5580B1F62CD680039B0BD /* AccomodationTypeVC.swift in Sources */,
				25E72E261F6815FC0010C532 /* AkiraTextField.swift in Sources */,
				25DFC4081F6114CE00E32F5F /* Constant.swift in Sources */,
				25DFC4041F610FF000E32F5F /* SignupStep4VC.swift in Sources */,
				25E5580F1F62CE090039B0BD /* AddPhotoVC.swift in Sources */,
				25E72E2E1F6815FC0010C532 /* YokoTextField.swift in Sources */,
				25E5580D1F62CD680039B0BD /* HouseLocationVC.swift in Sources */,
				2516B7BE1F66983F0016A29E /* TabItemHomeVC.swift in Sources */,
				25E558221F62D03B0039B0BD /* StartPriceVC.swift in Sources */,
				25E558171F62CEDE0039B0BD /* PhoneNumberVC.swift in Sources */,
				25E72DE71F680A140010C532 /* User.swift in Sources */,
				25E72E2A1F6815FC0010C532 /* KaedeTextField.swift in Sources */,
				25DFC40D1F617E6A00E32F5F /* AddHouseVC.swift in Sources */,
				2516B7AE1F6662420016A29E /* HouseAdCVCell.swift in Sources */,
				25E72E2C1F6815FC0010C532 /* MinoruTextField.swift in Sources */,
				25E558111F62CE330039B0BD /* PhotoPreviewVC.swift in Sources */,
				25DFC3F81F610F5100E32F5F /* LoginVC.swift in Sources */,
				25E72E271F6815FC0010C532 /* HoshiTextField.swift in Sources */,
				25E72E2B1F6815FC0010C532 /* MadokaTextField.swift in Sources */,
				25E72E2F1F6815FC0010C532 /* YoshikoTextField.swift in Sources */,
				2516B7B21F6668A00016A29E /* TabItemSearchVC.swift in Sources */,
				25E5581E1F62D0070039B0BD /* HouseAreaVC.swift in Sources */,
				25DFC3FC1F610F9600E32F5F /* SocialSignupVC.swift in Sources */,
				25D4B6C81F5FFFB0002507B8 /* NSDate+Utilities.m in Sources */,
				2516B7CC1F66A2490016A29E /* MsgListTVCell.swift in Sources */,
				25DFC4021F610FE400E32F5F /* SignupStep3VC.swift in Sources */,
				25D4B6CF1F6002C2002507B8 /* AppDelegate.swift in Sources */,
				25E557FD1F6280840039B0BD /* AddPhotoCVCell.swift in Sources */,
				2516B7B71F6692C90016A29E /* MyAdsTVCell.swift in Sources */,
				25DFC3FE1F610FC400E32F5F /* SignupStep1VC.swift in Sources */,
				2516B7D41F66A2770016A29E /* SentMsgTVCell.swift in Sources */,
				2516B7C01F6698590016A29E /* TabItemMessageVC.swift in Sources */,
				25E558131F62CE920039B0BD /* AddDescVC.swift in Sources */,
				2516B7D01F66A2650016A29E /* RecievedMsgTVCell.swift in Sources */,
				25E5582A1F62D10E0039B0BD /* ConfirmAgreementVC.swift in Sources */,
				25D4B6CA1F5FFFB0002507B8 /* MSExtensions.swift in Sources */,
				25E558201F62D0260039B0BD /* CostTypeSelectVC.swift in Sources */,
				25E558191F62CEF60039B0BD /* CodeVC.swift in Sources */,
				25E72E2D1F6815FC0010C532 /* TextFieldEffects.swift in Sources */,
				25D4B6C91F5FFFB0002507B8 /* IBDesignables.swift in Sources */,
				25E72E281F6815FC0010C532 /* IsaoTextField.swift in Sources */,
				25D4B6CB1F5FFFB0002507B8 /* Utility.swift in Sources */,
				25DFC4001F610FD500E32F5F /* SignupStep2VC.swift in Sources */,
				25E5580C1F62CD680039B0BD /* HouseLocationMapVC.swift in Sources */,
				25E72E311F6816650010C532 /* MainTabBarController.swift in Sources */,
				25F387EE1F6908C200BD19F7 /* House.swift in Sources */,
				25DFC4061F61100100E32F5F /* SignupStep5VC.swift in Sources */,
			);
			runOnlyForDeploymentPostprocessing = 0;
		};
/* End PBXSourcesBuildPhase section */

/* Begin PBXVariantGroup section */
		25D4B61D1F5FFCC6002507B8 /* LaunchScreen.storyboard */ = {
			isa = PBXVariantGroup;
			children = (
				25D4B61E1F5FFCC6002507B8 /* Base */,
			);
			name = LaunchScreen.storyboard;
			sourceTree = "<group>";
		};
/* End PBXVariantGroup section */

/* Begin XCBuildConfiguration section */
		25D4B6211F5FFCC6002507B8 /* Debug */ = {
			isa = XCBuildConfiguration;
			buildSettings = {
				ALWAYS_SEARCH_USER_PATHS = NO;
				CLANG_ANALYZER_NONNULL = YES;
				CLANG_CXX_LANGUAGE_STANDARD = "gnu++0x";
				CLANG_CXX_LIBRARY = "libc++";
				CLANG_ENABLE_MODULES = YES;
				CLANG_ENABLE_OBJC_ARC = YES;
				CLANG_WARN_BOOL_CONVERSION = YES;
				CLANG_WARN_CONSTANT_CONVERSION = YES;
				CLANG_WARN_DIRECT_OBJC_ISA_USAGE = YES_ERROR;
				CLANG_WARN_DOCUMENTATION_COMMENTS = YES;
				CLANG_WARN_EMPTY_BODY = YES;
				CLANG_WARN_ENUM_CONVERSION = YES;
				CLANG_WARN_INFINITE_RECURSION = YES;
				CLANG_WARN_INT_CONVERSION = YES;
				CLANG_WARN_OBJC_ROOT_CLASS = YES_ERROR;
				CLANG_WARN_SUSPICIOUS_MOVES = YES;
				CLANG_WARN_UNREACHABLE_CODE = YES;
				CLANG_WARN__DUPLICATE_METHOD_MATCH = YES;
				"CODE_SIGN_IDENTITY[sdk=iphoneos*]" = "iPhone Developer";
				COPY_PHASE_STRIP = NO;
				DEBUG_INFORMATION_FORMAT = dwarf;
				ENABLE_STRICT_OBJC_MSGSEND = YES;
				ENABLE_TESTABILITY = YES;
				GCC_C_LANGUAGE_STANDARD = gnu99;
				GCC_DYNAMIC_NO_PIC = NO;
				GCC_NO_COMMON_BLOCKS = YES;
				GCC_OPTIMIZATION_LEVEL = 0;
				GCC_PREPROCESSOR_DEFINITIONS = (
					"DEBUG=1",
					"$(inherited)",
				);
				GCC_WARN_64_TO_32_BIT_CONVERSION = YES;
				GCC_WARN_ABOUT_RETURN_TYPE = YES_ERROR;
				GCC_WARN_UNDECLARED_SELECTOR = YES;
				GCC_WARN_UNINITIALIZED_AUTOS = YES_AGGRESSIVE;
				GCC_WARN_UNUSED_FUNCTION = YES;
				GCC_WARN_UNUSED_VARIABLE = YES;
				IPHONEOS_DEPLOYMENT_TARGET = 10.0;
				MTL_ENABLE_DEBUG_INFO = YES;
				ONLY_ACTIVE_ARCH = YES;
				SDKROOT = iphoneos;
				SWIFT_ACTIVE_COMPILATION_CONDITIONS = DEBUG;
				SWIFT_OPTIMIZATION_LEVEL = "-Onone";
			};
			name = Debug;
		};
		25D4B6221F5FFCC6002507B8 /* Release */ = {
			isa = XCBuildConfiguration;
			buildSettings = {
				ALWAYS_SEARCH_USER_PATHS = NO;
				CLANG_ANALYZER_NONNULL = YES;
				CLANG_CXX_LANGUAGE_STANDARD = "gnu++0x";
				CLANG_CXX_LIBRARY = "libc++";
				CLANG_ENABLE_MODULES = YES;
				CLANG_ENABLE_OBJC_ARC = YES;
				CLANG_WARN_BOOL_CONVERSION = YES;
				CLANG_WARN_CONSTANT_CONVERSION = YES;
				CLANG_WARN_DIRECT_OBJC_ISA_USAGE = YES_ERROR;
				CLANG_WARN_DOCUMENTATION_COMMENTS = YES;
				CLANG_WARN_EMPTY_BODY = YES;
				CLANG_WARN_ENUM_CONVERSION = YES;
				CLANG_WARN_INFINITE_RECURSION = YES;
				CLANG_WARN_INT_CONVERSION = YES;
				CLANG_WARN_OBJC_ROOT_CLASS = YES_ERROR;
				CLANG_WARN_SUSPICIOUS_MOVES = YES;
				CLANG_WARN_UNREACHABLE_CODE = YES;
				CLANG_WARN__DUPLICATE_METHOD_MATCH = YES;
				"CODE_SIGN_IDENTITY[sdk=iphoneos*]" = "iPhone Developer";
				COPY_PHASE_STRIP = NO;
				DEBUG_INFORMATION_FORMAT = "dwarf-with-dsym";
				ENABLE_NS_ASSERTIONS = NO;
				ENABLE_STRICT_OBJC_MSGSEND = YES;
				GCC_C_LANGUAGE_STANDARD = gnu99;
				GCC_NO_COMMON_BLOCKS = YES;
				GCC_WARN_64_TO_32_BIT_CONVERSION = YES;
				GCC_WARN_ABOUT_RETURN_TYPE = YES_ERROR;
				GCC_WARN_UNDECLARED_SELECTOR = YES;
				GCC_WARN_UNINITIALIZED_AUTOS = YES_AGGRESSIVE;
				GCC_WARN_UNUSED_FUNCTION = YES;
				GCC_WARN_UNUSED_VARIABLE = YES;
				IPHONEOS_DEPLOYMENT_TARGET = 10.0;
				MTL_ENABLE_DEBUG_INFO = NO;
				SDKROOT = iphoneos;
				SWIFT_OPTIMIZATION_LEVEL = "-Owholemodule";
				VALIDATE_PRODUCT = YES;
			};
			name = Release;
		};
		25D4B6241F5FFCC6002507B8 /* Debug */ = {
			isa = XCBuildConfiguration;
			baseConfigurationReference = 1454AEC7E189B5B7586A0E7F /* Pods-B-App.debug.xcconfig */;
			buildSettings = {
				ASSETCATALOG_COMPILER_APPICON_NAME = AppIcon;
				ASSETCATALOG_COMPILER_LAUNCHIMAGE_NAME = LaunchImage;
				FRAMEWORK_SEARCH_PATHS = (
					"$(inherited)",
					"$(PROJECT_DIR)/B-App/Libraries/Facebook",
					"$(PROJECT_DIR)/B-App/Libraries/Google",
				);
				INFOPLIST_FILE = "B-App/Info.plist";
				IPHONEOS_DEPLOYMENT_TARGET = 10.0;
				LD_RUNPATH_SEARCH_PATHS = "$(inherited) @executable_path/Frameworks";
				PRODUCT_BUNDLE_IDENTIFIER = "com.App.B-App";
				PRODUCT_NAME = "$(TARGET_NAME)";
				SWIFT_VERSION = 3.0;
			};
			name = Debug;
		};
		25D4B6251F5FFCC6002507B8 /* Release */ = {
			isa = XCBuildConfiguration;
			baseConfigurationReference = ABF62B58A4FD5657B6400DEC /* Pods-B-App.release.xcconfig */;
			buildSettings = {
				ASSETCATALOG_COMPILER_APPICON_NAME = AppIcon;
				ASSETCATALOG_COMPILER_LAUNCHIMAGE_NAME = LaunchImage;
				FRAMEWORK_SEARCH_PATHS = (
					"$(inherited)",
					"$(PROJECT_DIR)/B-App/Libraries/Facebook",
					"$(PROJECT_DIR)/B-App/Libraries/Google",
				);
				INFOPLIST_FILE = "B-App/Info.plist";
				IPHONEOS_DEPLOYMENT_TARGET = 10.0;
				LD_RUNPATH_SEARCH_PATHS = "$(inherited) @executable_path/Frameworks";
				PRODUCT_BUNDLE_IDENTIFIER = "com.App.B-App";
				PRODUCT_NAME = "$(TARGET_NAME)";
				SWIFT_VERSION = 3.0;
			};
			name = Release;
		};
/* End XCBuildConfiguration section */

/* Begin XCConfigurationList section */
		25D4B6091F5FFCC6002507B8 /* Build configuration list for PBXProject "B-App" */ = {
			isa = XCConfigurationList;
			buildConfigurations = (
				25D4B6211F5FFCC6002507B8 /* Debug */,
				25D4B6221F5FFCC6002507B8 /* Release */,
			);
			defaultConfigurationIsVisible = 0;
			defaultConfigurationName = Release;
		};
		25D4B6231F5FFCC6002507B8 /* Build configuration list for PBXNativeTarget "B-App" */ = {
			isa = XCConfigurationList;
			buildConfigurations = (
				25D4B6241F5FFCC6002507B8 /* Debug */,
				25D4B6251F5FFCC6002507B8 /* Release */,
			);
			defaultConfigurationIsVisible = 0;
			defaultConfigurationName = Release;
		};
/* End XCConfigurationList section */

/* Begin XCVersionGroup section */
		25D4B6181F5FFCC6002507B8 /* B_App.xcdatamodeld */ = {
			isa = XCVersionGroup;
			children = (
				25D4B6191F5FFCC6002507B8 /* B_App.xcdatamodel */,
			);
			currentVersion = 25D4B6191F5FFCC6002507B8 /* B_App.xcdatamodel */;
			path = B_App.xcdatamodeld;
			sourceTree = "<group>";
			versionGroupType = wrapper.xcdatamodel;
		};
/* End XCVersionGroup section */
	};
	rootObject = 25D4B6061F5FFCC6002507B8 /* Project object */;
}
